
Microsoft Visual Studio Solution File, Format Version 12.00
# Visual Studio Version 17
VisualStudioVersion = 17.5.002.0
MinimumVisualStudioVersion = 10.0.40219.1
Project("{9A19103F-16F7-4668-BE54-9A1E7A4F7556}") = "ifelse", "ifelse.csproj", "{9C5C804E-CC1E-471C-A93C-580459A10408}"
EndProject
Global
	GlobalSection(SolutionConfigurationPlatforms) = preSolution
		Debug|Any CPU = Debug|Any CPU
		Release|Any CPU = Release|Any CPU
	EndGlobalSection
	GlobalSection(ProjectConfigurationPlatforms) = postSolution
		{9C5C804E-CC1E-471C-A93C-580459A10408}.Debug|Any CPU.ActiveCfg = Debug|Any CPU
		{9C5C804E-CC1E-471C-A93C-580459A10408}.Debug|Any CPU.Build.0 = Debug|Any CPU
		{9C5C804E-CC1E-471C-A93C-580459A10408}.Release|Any CPU.ActiveCfg = Release|Any CPU
		{9C5C804E-CC1E-471C-A93C-580459A10408}.Release|Any CPU.Build.0 = Release|Any CPU
	EndGlobalSection
	GlobalSection(SolutionProperties) = preSolution
		HideSolutionNode = FALSE
	EndGlobalSection
	GlobalSection(ExtensibilityGlobals) = postSolution
		SolutionGuid = {A371A3E9-A98E-4064-B97D-A6E871C49B3E}
	EndGlobalSection
EndGlobal
